
Microsoft Visual Studio Solution File, Format Version 12.00
# Visual Studio Version 17
VisualStudioVersion = 17.9.34728.123
MinimumVisualStudioVersion = 10.0.40219.1
Project("{FAE04EC0-301F-11D3-BF4B-00C04F79EFBC}") = "AI-WeirdnessAPI", "AI-WeirdnessAPI\AI-WeirdnessAPI.csproj", "{023BE3EC-01B6-407B-9F87-D4894B23AEE6}"
EndProject
Global
	GlobalSection(SolutionConfigurationPlatforms) = preSolution
		Debug|Any CPU = Debug|Any CPU
		Release|Any CPU = Release|Any CPU
	EndGlobalSection
	GlobalSection(ProjectConfigurationPlatforms) = postSolution
		{023BE3EC-01B6-407B-9F87-D4894B23AEE6}.Debug|Any CPU.ActiveCfg = Debug|Any CPU
		{023BE3EC-01B6-407B-9F87-D4894B23AEE6}.Debug|Any CPU.Build.0 = Debug|Any CPU
		{023BE3EC-01B6-407B-9F87-D4894B23AEE6}.Release|Any CPU.ActiveCfg = Release|Any CPU
		{023BE3EC-01B6-407B-9F87-D4894B23AEE6}.Release|Any CPU.Build.0 = Release|Any CPU
	EndGlobalSection
	GlobalSection(SolutionProperties) = preSolution
		HideSolutionNode = FALSE
	EndGlobalSection
	GlobalSection(ExtensibilityGlobals) = postSolution
		SolutionGuid = {826678FC-C45B-4176-AA22-2F74767C0250}
	EndGlobalSection
EndGlobal
